
Microsoft Visual Studio Solution File, Format Version 12.00
# Visual Studio 15
VisualStudioVersion = 15.0.28307.1231
MinimumVisualStudioVersion = 10.0.40219.1
Project("{9A19103F-16F7-4668-BE54-9A1E7A4F7556}") = "AuthCookieAspNetCore", "..\AuthCookieAspNetCore\AuthCookieAspNetCore.csproj", "{DDF7FA12-0F96-4320-B8AB-7C0A1D82E172}"
EndProject
Global
	GlobalSection(SolutionConfigurationPlatforms) = preSolution
		Debug|Any CPU = Debug|Any CPU
		Release|Any CPU = Release|Any CPU
	EndGlobalSection
	GlobalSection(ProjectConfigurationPlatforms) = postSolution
		{DDF7FA12-0F96-4320-B8AB-7C0A1D82E172}.Debug|Any CPU.ActiveCfg = Debug|Any CPU
		{DDF7FA12-0F96-4320-B8AB-7C0A1D82E172}.Debug|Any CPU.Build.0 = Debug|Any CPU
		{DDF7FA12-0F96-4320-B8AB-7C0A1D82E172}.Release|Any CPU.ActiveCfg = Release|Any CPU
		{DDF7FA12-0F96-4320-B8AB-7C0A1D82E172}.Release|Any CPU.Build.0 = Release|Any CPU
	EndGlobalSection
	GlobalSection(SolutionProperties) = preSolution
		HideSolutionNode = FALSE
	EndGlobalSection
	GlobalSection(ExtensibilityGlobals) = postSolution
		SolutionGuid = {6A9A93D4-EFC1-4A49-AFCE-325A3988737B}
	EndGlobalSection
EndGlobal
